
Microsoft Visual Studio Solution File, Format Version 12.00
# Visual Studio 15
VisualStudioVersion = 15.0.26124.0
MinimumVisualStudioVersion = 15.0.26124.0
Project("{2150E333-8FDC-42A3-9474-1A3956D46DE8}") = "src", "src", "{EF286319-8744-43DC-AEF9-0E01668A53C5}"
EndProject
Project("{FAE04EC0-301F-11D3-BF4B-00C04F79EFBC}") = "TestActions.Api", "src\TestActions.Api\TestActions.Api.csproj", "{05B6CA53-37DE-4BDC-AD83-9FABF5B04CB5}"
EndProject
Project("{2150E333-8FDC-42A3-9474-1A3956D46DE8}") = "tests", "tests", "{531A35E8-8BEA-4263-B8CF-F5BB26543B1F}"
EndProject
Project("{FAE04EC0-301F-11D3-BF4B-00C04F79EFBC}") = "TestActions.Tests", "tests\TestActions.Tests\TestActions.Tests.csproj", "{409D1357-3731-4A2D-9B6A-A350451F3B64}"
EndProject
Global
	GlobalSection(SolutionConfigurationPlatforms) = preSolution
		Debug|Any CPU = Debug|Any CPU
		Debug|x64 = Debug|x64
		Debug|x86 = Debug|x86
		Release|Any CPU = Release|Any CPU
		Release|x64 = Release|x64
		Release|x86 = Release|x86
	EndGlobalSection
	GlobalSection(SolutionProperties) = preSolution
		HideSolutionNode = FALSE
	EndGlobalSection
	GlobalSection(ProjectConfigurationPlatforms) = postSolution
		{05B6CA53-37DE-4BDC-AD83-9FABF5B04CB5}.Debug|Any CPU.ActiveCfg = Debug|Any CPU
		{05B6CA53-37DE-4BDC-AD83-9FABF5B04CB5}.Debug|Any CPU.Build.0 = Debug|Any CPU
		{05B6CA53-37DE-4BDC-AD83-9FABF5B04CB5}.Debug|x64.ActiveCfg = Debug|Any CPU
		{05B6CA53-37DE-4BDC-AD83-9FABF5B04CB5}.Debug|x64.Build.0 = Debug|Any CPU
		{05B6CA53-37DE-4BDC-AD83-9FABF5B04CB5}.Debug|x86.ActiveCfg = Debug|Any CPU
		{05B6CA53-37DE-4BDC-AD83-9FABF5B04CB5}.Debug|x86.Build.0 = Debug|Any CPU
		{05B6CA53-37DE-4BDC-AD83-9FABF5B04CB5}.Release|Any CPU.ActiveCfg = Release|Any CPU
		{05B6CA53-37DE-4BDC-AD83-9FABF5B04CB5}.Release|Any CPU.Build.0 = Release|Any CPU
		{05B6CA53-37DE-4BDC-AD83-9FABF5B04CB5}.Release|x64.ActiveCfg = Release|Any CPU
		{05B6CA53-37DE-4BDC-AD83-9FABF5B04CB5}.Release|x64.Build.0 = Release|Any CPU
		{05B6CA53-37DE-4BDC-AD83-9FABF5B04CB5}.Release|x86.ActiveCfg = Release|Any CPU
		{05B6CA53-37DE-4BDC-AD83-9FABF5B04CB5}.Release|x86.Build.0 = Release|Any CPU
		{409D1357-3731-4A2D-9B6A-A350451F3B64}.Debug|Any CPU.ActiveCfg = Debug|Any CPU
		{409D1357-3731-4A2D-9B6A-A350451F3B64}.Debug|Any CPU.Build.0 = Debug|Any CPU
		{409D1357-3731-4A2D-9B6A-A350451F3B64}.Debug|x64.ActiveCfg = Debug|Any CPU
		{409D1357-3731-4A2D-9B6A-A350451F3B64}.Debug|x64.Build.0 = Debug|Any CPU
		{409D1357-3731-4A2D-9B6A-A350451F3B64}.Debug|x86.ActiveCfg = Debug|Any CPU
		{409D1357-3731-4A2D-9B6A-A350451F3B64}.Debug|x86.Build.0 = Debug|Any CPU
		{409D1357-3731-4A2D-9B6A-A350451F3B64}.Release|Any CPU.ActiveCfg = Release|Any CPU
		{409D1357-3731-4A2D-9B6A-A350451F3B64}.Release|Any CPU.Build.0 = Release|Any CPU
		{409D1357-3731-4A2D-9B6A-A350451F3B64}.Release|x64.ActiveCfg = Release|Any CPU
		{409D1357-3731-4A2D-9B6A-A350451F3B64}.Release|x64.Build.0 = Release|Any CPU
		{409D1357-3731-4A2D-9B6A-A350451F3B64}.Release|x86.ActiveCfg = Release|Any CPU
		{409D1357-3731-4A2D-9B6A-A350451F3B64}.Release|x86.Build.0 = Release|Any CPU
	EndGlobalSection
	GlobalSection(NestedProjects) = preSolution
		{05B6CA53-37DE-4BDC-AD83-9FABF5B04CB5} = {EF286319-8744-43DC-AEF9-0E01668A53C5}
		{409D1357-3731-4A2D-9B6A-A350451F3B64} = {531A35E8-8BEA-4263-B8CF-F5BB26543B1F}
	EndGlobalSection
EndGlobal
